
Microsoft Visual Studio Solution File, Format Version 12.00
# Visual Studio Version 17
VisualStudioVersion = 17.5.002.0
MinimumVisualStudioVersion = 10.0.40219.1
Project("{9A19103F-16F7-4668-BE54-9A1E7A4F7556}") = "Mono", "Mono.csproj", "{DCEB287F-E70C-4E0C-ABCF-1EB06354F61D}"
EndProject
Global
	GlobalSection(SolutionConfigurationPlatforms) = preSolution
		Debug|Any CPU = Debug|Any CPU
		Release|Any CPU = Release|Any CPU
	EndGlobalSection
	GlobalSection(ProjectConfigurationPlatforms) = postSolution
		{DCEB287F-E70C-4E0C-ABCF-1EB06354F61D}.Debug|Any CPU.ActiveCfg = Debug|Any CPU
		{DCEB287F-E70C-4E0C-ABCF-1EB06354F61D}.Debug|Any CPU.Build.0 = Debug|Any CPU
		{DCEB287F-E70C-4E0C-ABCF-1EB06354F61D}.Release|Any CPU.ActiveCfg = Release|Any CPU
		{DCEB287F-E70C-4E0C-ABCF-1EB06354F61D}.Release|Any CPU.Build.0 = Release|Any CPU
	EndGlobalSection
	GlobalSection(SolutionProperties) = preSolution
		HideSolutionNode = FALSE
	EndGlobalSection
	GlobalSection(ExtensibilityGlobals) = postSolution
		SolutionGuid = {C8526D22-09E3-445A-9D42-9C27E870D2CA}
	EndGlobalSection
EndGlobal
